
Microsoft Visual Studio Solution File, Format Version 12.00
# Visual Studio Version 16
VisualStudioVersion = 16.0.31729.503
MinimumVisualStudioVersion = 10.0.40219.1
Project("{FAE04EC0-301F-11D3-BF4B-00C04F79EFBC}") = "ConsoleApp3_LinqAndLambdaVol2", "ConsoleApp3_LinqAndLambdaVol2.csproj", "{DB6E9C91-8565-4518-A7D4-A603F93217A2}"
EndProject
Global
	GlobalSection(SolutionConfigurationPlatforms) = preSolution
		Debug|Any CPU = Debug|Any CPU
		Release|Any CPU = Release|Any CPU
	EndGlobalSection
	GlobalSection(ProjectConfigurationPlatforms) = postSolution
		{DB6E9C91-8565-4518-A7D4-A603F93217A2}.Debug|Any CPU.ActiveCfg = Debug|Any CPU
		{DB6E9C91-8565-4518-A7D4-A603F93217A2}.Debug|Any CPU.Build.0 = Debug|Any CPU
		{DB6E9C91-8565-4518-A7D4-A603F93217A2}.Release|Any CPU.ActiveCfg = Release|Any CPU
		{DB6E9C91-8565-4518-A7D4-A603F93217A2}.Release|Any CPU.Build.0 = Release|Any CPU
	EndGlobalSection
	GlobalSection(SolutionProperties) = preSolution
		HideSolutionNode = FALSE
	EndGlobalSection
	GlobalSection(ExtensibilityGlobals) = postSolution
		SolutionGuid = {99CA6D8B-AC82-489C-9E12-FDB70EC5C3E7}
	EndGlobalSection
EndGlobal
